// !$*UTF8*$!
{
	archiveVersion = 1;
	classes = {
	};
	objectVersion = 46;
	objects = {

/* Begin PBXBuildFile section */
		5657797E1C5F0516000B6DA5 /* AppDelegate.swift in Sources */ = {isa = PBXBuildFile; fileRef = 5657797D1C5F0516000B6DA5 /* AppDelegate.swift */; };
		565779831C5F0516000B6DA5 /* Main.storyboard in Resources */ = {isa = PBXBuildFile; fileRef = 565779811C5F0516000B6DA5 /* Main.storyboard */; };
		565779861C5F0516000B6DA5 /* BuscadorDeLibros.xcdatamodeld in Sources */ = {isa = PBXBuildFile; fileRef = 565779841C5F0516000B6DA5 /* BuscadorDeLibros.xcdatamodeld */; };
		565779881C5F0516000B6DA5 /* Assets.xcassets in Resources */ = {isa = PBXBuildFile; fileRef = 565779871C5F0516000B6DA5 /* Assets.xcassets */; };
		5657798B1C5F0516000B6DA5 /* LaunchScreen.storyboard in Resources */ = {isa = PBXBuildFile; fileRef = 565779891C5F0516000B6DA5 /* LaunchScreen.storyboard */; };
		565779951C5F0C25000B6DA5 /* ListaDeLibrosControllerTableViewController.swift in Sources */ = {isa = PBXBuildFile; fileRef = 565779941C5F0C25000B6DA5 /* ListaDeLibrosControllerTableViewController.swift */; };
		565779971C5F0C81000B6DA5 /* DetalleDeLibroViewController.swift in Sources */ = {isa = PBXBuildFile; fileRef = 565779961C5F0C81000B6DA5 /* DetalleDeLibroViewController.swift */; };
		565779991C5F0CA1000B6DA5 /* BuscadorDeLibrosViewController.swift in Sources */ = {isa = PBXBuildFile; fileRef = 565779981C5F0CA1000B6DA5 /* BuscadorDeLibrosViewController.swift */; };
		5657799B1C5F11C1000B6DA5 /* ColeccionDeLibros.swift in Sources */ = {isa = PBXBuildFile; fileRef = 5657799A1C5F11C1000B6DA5 /* ColeccionDeLibros.swift */; };
/* End PBXBuildFile section */

/* Begin PBXFileReference section */
		5657797A1C5F0516000B6DA5 /* BuscadorDeLibros.app */ = {isa = PBXFileReference; explicitFileType = wrapper.application; includeInIndex = 0; path = BuscadorDeLibros.app; sourceTree = BUILT_PRODUCTS_DIR; };
		5657797D1C5F0516000B6DA5 /* AppDelegate.swift */ = {isa = PBXFileReference; lastKnownFileType = sourcecode.swift; path = AppDelegate.swift; sourceTree = "<group>"; };
		565779821C5F0516000B6DA5 /* Base */ = {isa = PBXFileReference; lastKnownFileType = file.storyboard; name = Base; path = Base.lproj/Main.storyboard; sourceTree = "<group>"; };
		565779851C5F0516000B6DA5 /* BuscadorDeLibros.xcdatamodel */ = {isa = PBXFileReference; lastKnownFileType = wrapper.xcdatamodel; path = BuscadorDeLibros.xcdatamodel; sourceTree = "<group>"; };
		565779871C5F0516000B6DA5 /* Assets.xcassets */ = {isa = PBXFileReference; lastKnownFileType = folder.assetcatalog; path = Assets.xcassets; sourceTree = "<group>"; };
		5657798A1C5F0516000B6DA5 /* Base */ = {isa = PBXFileReference; lastKnownFileType = file.storyboard; name = Base; path = Base.lproj/LaunchScreen.storyboard; sourceTree = "<group>"; };
		5657798C1C5F0516000B6DA5 /* Info.plist */ = {isa = PBXFileReference; lastKnownFileType = text.plist.xml; path = Info.plist; sourceTree = "<group>"; };
		565779941C5F0C25000B6DA5 /* ListaDeLibrosControllerTableViewController.swift */ = {isa = PBXFileReference; fileEncoding = 4; lastKnownFileType = sourcecode.swift; path = ListaDeLibrosControllerTableViewController.swift; sourceTree = "<group>"; };
		565779961C5F0C81000B6DA5 /* DetalleDeLibroViewController.swift */ = {isa = PBXFileReference; fileEncoding = 4; lastKnownFileType = sourcecode.swift; path = DetalleDeLibroViewController.swift; sourceTree = "<group>"; };
		565779981C5F0CA1000B6DA5 /* BuscadorDeLibrosViewController.swift */ = {isa = PBXFileReference; fileEncoding = 4; lastKnownFileType = sourcecode.swift; path = BuscadorDeLibrosViewController.swift; sourceTree = "<group>"; };
		5657799A1C5F11C1000B6DA5 /* ColeccionDeLibros.swift */ = {isa = PBXFileReference; fileEncoding = 4; lastKnownFileType = sourcecode.swift; path = ColeccionDeLibros.swift; sourceTree = "<group>"; };
/* End PBXFileReference section */

/* Begin PBXFrameworksBuildPhase section */
		565779771C5F0516000B6DA5 /* Frameworks */ = {
			isa = PBXFrameworksBuildPhase;
			buildActionMask = 2147483647;
			files = (
			);
			runOnlyForDeploymentPostprocessing = 0;
		};
/* End PBXFrameworksBuildPhase section */

/* Begin PBXGroup section */
		565779711C5F0516000B6DA5 = {
			isa = PBXGroup;
			children = (
				5657797C1C5F0516000B6DA5 /* BuscadorDeLibros */,
				5657797B1C5F0516000B6DA5 /* Products */,
			);
			sourceTree = "<group>";
		};
		5657797B1C5F0516000B6DA5 /* Products */ = {
			isa = PBXGroup;
			children = (
				5657797A1C5F0516000B6DA5 /* BuscadorDeLibros.app */,
			);
			name = Products;
			sourceTree = "<group>";
		};
		5657797C1C5F0516000B6DA5 /* BuscadorDeLibros */ = {
			isa = PBXGroup;
			children = (
				5657797D1C5F0516000B6DA5 /* AppDelegate.swift */,
				565779811C5F0516000B6DA5 /* Main.storyboard */,
				565779871C5F0516000B6DA5 /* Assets.xcassets */,
				565779891C5F0516000B6DA5 /* LaunchScreen.storyboard */,
				5657798C1C5F0516000B6DA5 /* Info.plist */,
				565779841C5F0516000B6DA5 /* BuscadorDeLibros.xcdatamodeld */,
				565779941C5F0C25000B6DA5 /* ListaDeLibrosControllerTableViewController.swift */,
				565779961C5F0C81000B6DA5 /* DetalleDeLibroViewController.swift */,
				565779981C5F0CA1000B6DA5 /* BuscadorDeLibrosViewController.swift */,
				5657799A1C5F11C1000B6DA5 /* ColeccionDeLibros.swift */,
			);
			path = BuscadorDeLibros;
			sourceTree = "<group>";
		};
/* End PBXGroup section */

/* Begin PBXNativeTarget section */
		565779791C5F0516000B6DA5 /* BuscadorDeLibros */ = {
			isa = PBXNativeTarget;
			buildConfigurationList = 5657798F1C5F0516000B6DA5 /* Build configuration list for PBXNativeTarget "BuscadorDeLibros" */;
			buildPhases = (
				565779761C5F0516000B6DA5 /* Sources */,
				565779771C5F0516000B6DA5 /* Frameworks */,
				565779781C5F0516000B6DA5 /* Resources */,
			);
			buildRules = (
			);
			dependencies = (
			);
			name = BuscadorDeLibros;
			productName = BuscadorDeLibros;
			productReference = 5657797A1C5F0516000B6DA5 /* BuscadorDeLibros.app */;
			productType = "com.apple.product-type.application";
		};
/* End PBXNativeTarget section */

/* Begin PBXProject section */
		565779721C5F0516000B6DA5 /* Project object */ = {
			isa = PBXProject;
			attributes = {
				LastSwiftUpdateCheck = 0720;
				LastUpgradeCheck = 0720;
				ORGANIZATIONNAME = "Gerardo Guerra Pulido";
				TargetAttributes = {
					565779791C5F0516000B6DA5 = {
						CreatedOnToolsVersion = 7.2;
						DevelopmentTeam = 59BP8U82B7;
					};
				};
			};
			buildConfigurationList = 565779751C5F0516000B6DA5 /* Build configuration list for PBXProject "BuscadorDeLibros" */;
			compatibilityVersion = "Xcode 3.2";
			developmentRegion = English;
			hasScannedForEncodings = 0;
			knownRegions = (
				en,
				Base,
			);
			mainGroup = 565779711C5F0516000B6DA5;
			productRefGroup = 5657797B1C5F0516000B6DA5 /* Products */;
			projectDirPath = "";
			projectRoot = "";
			targets = (
				565779791C5F0516000B6DA5 /* BuscadorDeLibros */,
			);
		};
/* End PBXProject section */

/* Begin PBXResourcesBuildPhase section */
		565779781C5F0516000B6DA5 /* Resources */ = {
			isa = PBXResourcesBuildPhase;
			buildActionMask = 2147483647;
			files = (
				5657798B1C5F0516000B6DA5 /* LaunchScreen.storyboard in Resources */,
				565779881C5F0516000B6DA5 /* Assets.xcassets in Resources */,
				565779831C5F0516000B6DA5 /* Main.storyboard in Resources */,
			);
			runOnlyForDeploymentPostprocessing = 0;
		};
/* End PBXResourcesBuildPhase section */

/* Begin PBXSourcesBuildPhase section */
		565779761C5F0516000B6DA5 /* Sources */ = {
			isa = PBXSourcesBuildPhase;
			buildActionMask = 2147483647;
			files = (
				565779971C5F0C81000B6DA5 /* DetalleDeLibroViewController.swift in Sources */,
				565779991C5F0CA1000B6DA5 /* BuscadorDeLibrosViewController.swift in Sources */,
				565779861C5F0516000B6DA5 /* BuscadorDeLibros.xcdatamodeld in Sources */,
				5657797E1C5F0516000B6DA5 /* AppDelegate.swift in Sources */,
				565779951C5F0C25000B6DA5 /* ListaDeLibrosControllerTableViewController.swift in Sources */,
				5657799B1C5F11C1000B6DA5 /* ColeccionDeLibros.swift in Sources */,
			);
			runOnlyForDeploymentPostprocessing = 0;
		};
/* End PBXSourcesBuildPhase section */

/* Begin PBXVariantGroup section */
		565779811C5F0516000B6DA5 /* Main.storyboard */ = {
			isa = PBXVariantGroup;
			children = (
				565779821C5F0516000B6DA5 /* Base */,
			);
			name = Main.storyboard;
			sourceTree = "<group>";
		};
		565779891C5F0516000B6DA5 /* LaunchScreen.storyboard */ = {
			isa = PBXVariantGroup;
			children = (
				5657798A1C5F0516000B6DA5 /* Base */,
			);
			name = LaunchScreen.storyboard;
			sourceTree = "<group>";
		};
/* End PBXVariantGroup section */

/* Begin XCBuildConfiguration section */
		5657798D1C5F0516000B6DA5 /* Debug */ = {
			isa = XCBuildConfiguration;
			buildSettings = {
				ALWAYS_SEARCH_USER_PATHS = NO;
				CLANG_CXX_LANGUAGE_STANDARD = "gnu++0x";
				CLANG_CXX_LIBRARY = "libc++";
				CLANG_ENABLE_MODULES = YES;
				CLANG_ENABLE_OBJC_ARC = YES;
				CLANG_WARN_BOOL_CONVERSION = YES;
				CLANG_WARN_CONSTANT_CONVERSION = YES;
				CLANG_WARN_DIRECT_OBJC_ISA_USAGE = YES_ERROR;
				CLANG_WARN_EMPTY_BODY = YES;
				CLANG_WARN_ENUM_CONVERSION = YES;
				CLANG_WARN_INT_CONVERSION = YES;
				CLANG_WARN_OBJC_ROOT_CLASS = YES_ERROR;
				CLANG_WARN_UNREACHABLE_CODE = YES;
				CLANG_WARN__DUPLICATE_METHOD_MATCH = YES;
				"CODE_SIGN_IDENTITY[sdk=iphoneos*]" = "iPhone Developer";
				COPY_PHASE_STRIP = NO;
				DEBUG_INFORMATION_FORMAT = dwarf;
				ENABLE_STRICT_OBJC_MSGSEND = YES;
				ENABLE_TESTABILITY = YES;
				GCC_C_LANGUAGE_STANDARD = gnu99;
				GCC_DYNAMIC_NO_PIC = NO;
				GCC_NO_COMMON_BLOCKS = YES;
				GCC_OPTIMIZATION_LEVEL = 0;
				GCC_PREPROCESSOR_DEFINITIONS = (
					"DEBUG=1",
					"$(inherited)",
				);
				GCC_WARN_64_TO_32_BIT_CONVERSION = YES;
				GCC_WARN_ABOUT_RETURN_TYPE = YES_ERROR;
				GCC_WARN_UNDECLARED_SELECTOR = YES;
				GCC_WARN_UNINITIALIZED_AUTOS = YES_AGGRESSIVE;
				GCC_WARN_UNUSED_FUNCTION = YES;
				GCC_WARN_UNUSED_VARIABLE = YES;
				IPHONEOS_DEPLOYMENT_TARGET = 9.2;
				MTL_ENABLE_DEBUG_INFO = YES;
				ONLY_ACTIVE_ARCH = YES;
				SDKROOT = iphoneos;
				SWIFT_OPTIMIZATION_LEVEL = "-Onone";
			};
			name = Debug;
		};
		5657798E1C5F0516000B6DA5 /* Release */ = {
			isa = XCBuildConfiguration;
			buildSettings = {
				ALWAYS_SEARCH_USER_PATHS = NO;
				CLANG_CXX_LANGUAGE_STANDARD = "gnu++0x";
				CLANG_CXX_LIBRARY = "libc++";
				CLANG_ENABLE_MODULES = YES;
				CLANG_ENABLE_OBJC_ARC = YES;
				CLANG_WARN_BOOL_CONVERSION = YES;
				CLANG_WARN_CONSTANT_CONVERSION = YES;
				CLANG_WARN_DIRECT_OBJC_ISA_USAGE = YES_ERROR;
				CLANG_WARN_EMPTY_BODY = YES;
				CLANG_WARN_ENUM_CONVERSION = YES;
				CLANG_WARN_INT_CONVERSION = YES;
				CLANG_WARN_OBJC_ROOT_CLASS = YES_ERROR;
				CLANG_WARN_UNREACHABLE_CODE = YES;
				CLANG_WARN__DUPLICATE_METHOD_MATCH = YES;
				"CODE_SIGN_IDENTITY[sdk=iphoneos*]" = "iPhone Developer";
				COPY_PHASE_STRIP = NO;
				DEBUG_INFORMATION_FORMAT = "dwarf-with-dsym";
				ENABLE_NS_ASSERTIONS = NO;
				ENABLE_STRICT_OBJC_MSGSEND = YES;
				GCC_C_LANGUAGE_STANDARD = gnu99;
				GCC_NO_COMMON_BLOCKS = YES;
				GCC_WARN_64_TO_32_BIT_CONVERSION = YES;
				GCC_WARN_ABOUT_RETURN_TYPE = YES_ERROR;
				GCC_WARN_UNDECLARED_SELECTOR = YES;
				GCC_WARN_UNINITIALIZED_AUTOS = YES_AGGRESSIVE;
				GCC_WARN_UNUSED_FUNCTION = YES;
				GCC_WARN_UNUSED_VARIABLE = YES;
				IPHONEOS_DEPLOYMENT_TARGET = 9.2;
				MTL_ENABLE_DEBUG_INFO = NO;
				SDKROOT = iphoneos;
				VALIDATE_PRODUCT = YES;
			};
			name = Release;
		};
		565779901C5F0516000B6DA5 /* Debug */ = {
			isa = XCBuildConfiguration;
			buildSettings = {
				ASSETCATALOG_COMPILER_APPICON_NAME = AppIcon;
				INFOPLIST_FILE = BuscadorDeLibros/Info.plist;
				LD_RUNPATH_SEARCH_PATHS = "$(inherited) @executable_path/Frameworks";
				PRODUCT_BUNDLE_IDENTIFIER = mx.itesm.BuscadorDeLibros;
				PRODUCT_NAME = "$(TARGET_NAME)";
			};
			name = Debug;
		};
		565779911C5F0516000B6DA5 /* Release */ = {
			isa = XCBuildConfiguration;
			buildSettings = {
				ASSETCATALOG_COMPILER_APPICON_NAME = AppIcon;
				INFOPLIST_FILE = BuscadorDeLibros/Info.plist;
				LD_RUNPATH_SEARCH_PATHS = "$(inherited) @executable_path/Frameworks";
				PRODUCT_BUNDLE_IDENTIFIER = mx.itesm.BuscadorDeLibros;
				PRODUCT_NAME = "$(TARGET_NAME)";
			};
			name = Release;
		};
/* End XCBuildConfiguration section */

/* Begin XCConfigurationList section */
		565779751C5F0516000B6DA5 /* Build configuration list for PBXProject "BuscadorDeLibros" */ = {
			isa = XCConfigurationList;
			buildConfigurations = (
				5657798D1C5F0516000B6DA5 /* Debug */,
				5657798E1C5F0516000B6DA5 /* Release */,
			);
			defaultConfigurationIsVisible = 0;
			defaultConfigurationName = Release;
		};
		5657798F1C5F0516000B6DA5 /* Build configuration list for PBXNativeTarget "BuscadorDeLibros" */ = {
			isa = XCConfigurationList;
			buildConfigurations = (
				565779901C5F0516000B6DA5 /* Debug */,
				565779911C5F0516000B6DA5 /* Release */,
			);
			defaultConfigurationIsVisible = 0;
		};
/* End XCConfigurationList section */

/* Begin XCVersionGroup section */
		565779841C5F0516000B6DA5 /* BuscadorDeLibros.xcdatamodeld */ = {
			isa = XCVersionGroup;
			children = (
				565779851C5F0516000B6DA5 /* BuscadorDeLibros.xcdatamodel */,
			);
			currentVersion = 565779851C5F0516000B6DA5 /* BuscadorDeLibros.xcdatamodel */;
			path = BuscadorDeLibros.xcdatamodeld;
			sourceTree = "<group>";
			versionGroupType = wrapper.xcdatamodel;
		};
/* End XCVersionGroup section */
	};
	rootObject = 565779721C5F0516000B6DA5 /* Project object */;
}
